
Microsoft Visual Studio Solution File, Format Version 12.00
# Visual Studio Version 17
VisualStudioVersion = 17.8.34525.116
MinimumVisualStudioVersion = 10.0.40219.1
Project("{2150E333-8FDC-42A3-9474-1A3956D46DE8}") = "Solution Items", "Solution Items", "{E67D216E-4F2B-4DC3-B957-62437B84D481}"
	ProjectSection(SolutionItems) = preProject
		.editorconfig = .editorconfig
		extensions.vsext = extensions.vsext
		Readme.md = Readme.md
	EndProjectSection
EndProject
Project("{9A19103F-16F7-4668-BE54-9A1E7A4F7556}") = "Model", "Model\Model.csproj", "{F6CAF9B5-C272-4348-9DC8-72088432CF98}"
EndProject
Project("{9A19103F-16F7-4668-BE54-9A1E7A4F7556}") = "Persistance", "Persistance\Persistance.csproj", "{41A529C5-C293-4FAA-9188-2436BB182C46}"
EndProject
Project("{9A19103F-16F7-4668-BE54-9A1E7A4F7556}") = "Domain.Abstract", "Domain.Abstract\Domain.Abstract.csproj", "{81D5CD4E-7B22-48E1-B904-686CE1D88BD4}"
EndProject
Project("{9A19103F-16F7-4668-BE54-9A1E7A4F7556}") = "ImplementPersistance", "ImplementPersistance\ImplementPersistance.csproj", "{894505EC-FBA8-4BCF-BD4E-7FA6EC06F1B5}"
EndProject
Project("{9A19103F-16F7-4668-BE54-9A1E7A4F7556}") = "Domain", "Domain\Domain.csproj", "{369FEC20-814F-41B1-BF59-CECD26863260}"
EndProject
Project("{FAE04EC0-301F-11D3-BF4B-00C04F79EFBC}") = "Api", "Api\Api.csproj", "{AB7167F1-7A51-455E-BF93-B33AD91EAA88}"
EndProject
Global
	GlobalSection(SolutionConfigurationPlatforms) = preSolution
		Debug|Any CPU = Debug|Any CPU
		Release|Any CPU = Release|Any CPU
	EndGlobalSection
	GlobalSection(ProjectConfigurationPlatforms) = postSolution
		{F6CAF9B5-C272-4348-9DC8-72088432CF98}.Debug|Any CPU.ActiveCfg = Debug|Any CPU
		{F6CAF9B5-C272-4348-9DC8-72088432CF98}.Debug|Any CPU.Build.0 = Debug|Any CPU
		{F6CAF9B5-C272-4348-9DC8-72088432CF98}.Release|Any CPU.ActiveCfg = Release|Any CPU
		{F6CAF9B5-C272-4348-9DC8-72088432CF98}.Release|Any CPU.Build.0 = Release|Any CPU
		{41A529C5-C293-4FAA-9188-2436BB182C46}.Debug|Any CPU.ActiveCfg = Debug|Any CPU
		{41A529C5-C293-4FAA-9188-2436BB182C46}.Debug|Any CPU.Build.0 = Debug|Any CPU
		{41A529C5-C293-4FAA-9188-2436BB182C46}.Release|Any CPU.ActiveCfg = Release|Any CPU
		{41A529C5-C293-4FAA-9188-2436BB182C46}.Release|Any CPU.Build.0 = Release|Any CPU
		{81D5CD4E-7B22-48E1-B904-686CE1D88BD4}.Debug|Any CPU.ActiveCfg = Debug|Any CPU
		{81D5CD4E-7B22-48E1-B904-686CE1D88BD4}.Debug|Any CPU.Build.0 = Debug|Any CPU
		{81D5CD4E-7B22-48E1-B904-686CE1D88BD4}.Release|Any CPU.ActiveCfg = Release|Any CPU
		{81D5CD4E-7B22-48E1-B904-686CE1D88BD4}.Release|Any CPU.Build.0 = Release|Any CPU
		{894505EC-FBA8-4BCF-BD4E-7FA6EC06F1B5}.Debug|Any CPU.ActiveCfg = Debug|Any CPU
		{894505EC-FBA8-4BCF-BD4E-7FA6EC06F1B5}.Debug|Any CPU.Build.0 = Debug|Any CPU
		{894505EC-FBA8-4BCF-BD4E-7FA6EC06F1B5}.Release|Any CPU.ActiveCfg = Release|Any CPU
		{894505EC-FBA8-4BCF-BD4E-7FA6EC06F1B5}.Release|Any CPU.Build.0 = Release|Any CPU
		{369FEC20-814F-41B1-BF59-CECD26863260}.Debug|Any CPU.ActiveCfg = Debug|Any CPU
		{369FEC20-814F-41B1-BF59-CECD26863260}.Debug|Any CPU.Build.0 = Debug|Any CPU
		{369FEC20-814F-41B1-BF59-CECD26863260}.Release|Any CPU.ActiveCfg = Release|Any CPU
		{369FEC20-814F-41B1-BF59-CECD26863260}.Release|Any CPU.Build.0 = Release|Any CPU
		{AB7167F1-7A51-455E-BF93-B33AD91EAA88}.Debug|Any CPU.ActiveCfg = Debug|Any CPU
		{AB7167F1-7A51-455E-BF93-B33AD91EAA88}.Debug|Any CPU.Build.0 = Debug|Any CPU
		{AB7167F1-7A51-455E-BF93-B33AD91EAA88}.Release|Any CPU.ActiveCfg = Release|Any CPU
		{AB7167F1-7A51-455E-BF93-B33AD91EAA88}.Release|Any CPU.Build.0 = Release|Any CPU
	EndGlobalSection
	GlobalSection(SolutionProperties) = preSolution
		HideSolutionNode = FALSE
	EndGlobalSection
	GlobalSection(ExtensibilityGlobals) = postSolution
		SolutionGuid = {E516D871-AD23-4603-847B-243B2C4D298E}
	EndGlobalSection
EndGlobal
