
Microsoft Visual Studio Solution File, Format Version 12.00
# Visual Studio Version 17
VisualStudioVersion = 17.8.34525.116
MinimumVisualStudioVersion = 10.0.40219.1
Project("{2150E333-8FDC-42A3-9474-1A3956D46DE8}") = "Solution Items", "Solution Items", "{E67D216E-4F2B-4DC3-B957-62437B84D481}"
	ProjectSection(SolutionItems) = preProject
		.editorconfig = .editorconfig
		extensions.vsext = extensions.vsext
		Readme.md = Readme.md
	EndProjectSection
EndProject
Project("{9A19103F-16F7-4668-BE54-9A1E7A4F7556}") = "Model", "Model\Model.csproj", "{F6CAF9B5-C272-4348-9DC8-72088432CF98}"
EndProject
Project("{9A19103F-16F7-4668-BE54-9A1E7A4F7556}") = "ImplementPersistance", "ImplementPersistance\ImplementPersistance.csproj", "{894505EC-FBA8-4BCF-BD4E-7FA6EC06F1B5}"
EndProject
Project("{FAE04EC0-301F-11D3-BF4B-00C04F79EFBC}") = "ApiHost", "ApiHost\ApiHost.csproj", "{DA1F917A-8031-448E-8217-32FCD5209C3E}"
EndProject
Project("{FAE04EC0-301F-11D3-BF4B-00C04F79EFBC}") = "Api.Domain", "Api.Domain\Api.Domain.csproj", "{96872A8A-0419-413A-BBEA-4EBF2A97BA5A}"
EndProject
Project("{FAE04EC0-301F-11D3-BF4B-00C04F79EFBC}") = "Api.Persistance", "Api.Persistance\Api.Persistance.csproj", "{FFA224DD-9351-4A80-A662-9CDAA63616E5}"
EndProject
Project("{2150E333-8FDC-42A3-9474-1A3956D46DE8}") = "ApiSvc", "ApiSvc", "{3A3F9797-6A2F-48B9-94BE-78E627BF3EC0}"
EndProject
Project("{2150E333-8FDC-42A3-9474-1A3956D46DE8}") = "Projector", "Projector", "{184A5B02-0036-4420-8351-595753E3B7A7}"
EndProject
Project("{FAE04EC0-301F-11D3-BF4B-00C04F79EFBC}") = "Projector.Domain", "Projector.Domain\Projector.Domain.csproj", "{0D04F8FF-AE0F-489C-A7D4-993C49E58EBB}"
EndProject
Project("{FAE04EC0-301F-11D3-BF4B-00C04F79EFBC}") = "Projector.Endpoints", "Projector.Endpoints\Projector.Endpoints.csproj", "{98CE8319-55D7-47D1-841F-83887C55E8D4}"
EndProject
Project("{FAE04EC0-301F-11D3-BF4B-00C04F79EFBC}") = "Api.Endpoints", "Api.Endpoints\Api.Endpoints.csproj", "{57C63909-46F0-4CE3-93C1-AEEAF5ADC3E3}"
EndProject
Project("{FAE04EC0-301F-11D3-BF4B-00C04F79EFBC}") = "Projector.Domain.Abstract", "Projector.Domain.Abstract\Projector.Domain.Abstract.csproj", "{8C94A359-1E70-455E-97CA-45A25DEDCEA4}"
EndProject
Project("{FAE04EC0-301F-11D3-BF4B-00C04F79EFBC}") = "Projector.Persistance", "Projector.Persistance\Projector.Persistance.csproj", "{0A672B00-E704-418D-B977-D111600679FC}"
EndProject
Project("{FAE04EC0-301F-11D3-BF4B-00C04F79EFBC}") = "Api.Domain.Abstract", "Api.Domain.Abstract\Api.Domain.Abstract.csproj", "{2AF5DD98-ADA3-4E82-BEAC-BCB31C127606}"
EndProject
Project("{2150E333-8FDC-42A3-9474-1A3956D46DE8}") = "Common", "Common", "{FEC8D9D1-2FCF-4A7B-901E-41CA8FCE0730}"
EndProject
Project("{FAE04EC0-301F-11D3-BF4B-00C04F79EFBC}") = "Common.Contracts", "Common.Contracts\Common.Contracts.csproj", "{D4AE8A24-C001-4900-9C44-CF23B7E5926A}"
EndProject
Global
	GlobalSection(SolutionConfigurationPlatforms) = preSolution
		Debug|Any CPU = Debug|Any CPU
		Release|Any CPU = Release|Any CPU
	EndGlobalSection
	GlobalSection(ProjectConfigurationPlatforms) = postSolution
		{F6CAF9B5-C272-4348-9DC8-72088432CF98}.Debug|Any CPU.ActiveCfg = Debug|Any CPU
		{F6CAF9B5-C272-4348-9DC8-72088432CF98}.Debug|Any CPU.Build.0 = Debug|Any CPU
		{F6CAF9B5-C272-4348-9DC8-72088432CF98}.Release|Any CPU.ActiveCfg = Release|Any CPU
		{F6CAF9B5-C272-4348-9DC8-72088432CF98}.Release|Any CPU.Build.0 = Release|Any CPU
		{894505EC-FBA8-4BCF-BD4E-7FA6EC06F1B5}.Debug|Any CPU.ActiveCfg = Debug|Any CPU
		{894505EC-FBA8-4BCF-BD4E-7FA6EC06F1B5}.Debug|Any CPU.Build.0 = Debug|Any CPU
		{894505EC-FBA8-4BCF-BD4E-7FA6EC06F1B5}.Release|Any CPU.ActiveCfg = Release|Any CPU
		{894505EC-FBA8-4BCF-BD4E-7FA6EC06F1B5}.Release|Any CPU.Build.0 = Release|Any CPU
		{DA1F917A-8031-448E-8217-32FCD5209C3E}.Debug|Any CPU.ActiveCfg = Debug|Any CPU
		{DA1F917A-8031-448E-8217-32FCD5209C3E}.Debug|Any CPU.Build.0 = Debug|Any CPU
		{DA1F917A-8031-448E-8217-32FCD5209C3E}.Release|Any CPU.ActiveCfg = Release|Any CPU
		{DA1F917A-8031-448E-8217-32FCD5209C3E}.Release|Any CPU.Build.0 = Release|Any CPU
		{96872A8A-0419-413A-BBEA-4EBF2A97BA5A}.Debug|Any CPU.ActiveCfg = Debug|Any CPU
		{96872A8A-0419-413A-BBEA-4EBF2A97BA5A}.Debug|Any CPU.Build.0 = Debug|Any CPU
		{96872A8A-0419-413A-BBEA-4EBF2A97BA5A}.Release|Any CPU.ActiveCfg = Release|Any CPU
		{96872A8A-0419-413A-BBEA-4EBF2A97BA5A}.Release|Any CPU.Build.0 = Release|Any CPU
		{FFA224DD-9351-4A80-A662-9CDAA63616E5}.Debug|Any CPU.ActiveCfg = Debug|Any CPU
		{FFA224DD-9351-4A80-A662-9CDAA63616E5}.Debug|Any CPU.Build.0 = Debug|Any CPU
		{FFA224DD-9351-4A80-A662-9CDAA63616E5}.Release|Any CPU.ActiveCfg = Release|Any CPU
		{FFA224DD-9351-4A80-A662-9CDAA63616E5}.Release|Any CPU.Build.0 = Release|Any CPU
		{0D04F8FF-AE0F-489C-A7D4-993C49E58EBB}.Debug|Any CPU.ActiveCfg = Debug|Any CPU
		{0D04F8FF-AE0F-489C-A7D4-993C49E58EBB}.Debug|Any CPU.Build.0 = Debug|Any CPU
		{0D04F8FF-AE0F-489C-A7D4-993C49E58EBB}.Release|Any CPU.ActiveCfg = Release|Any CPU
		{0D04F8FF-AE0F-489C-A7D4-993C49E58EBB}.Release|Any CPU.Build.0 = Release|Any CPU
		{98CE8319-55D7-47D1-841F-83887C55E8D4}.Debug|Any CPU.ActiveCfg = Debug|Any CPU
		{98CE8319-55D7-47D1-841F-83887C55E8D4}.Debug|Any CPU.Build.0 = Debug|Any CPU
		{98CE8319-55D7-47D1-841F-83887C55E8D4}.Release|Any CPU.ActiveCfg = Release|Any CPU
		{98CE8319-55D7-47D1-841F-83887C55E8D4}.Release|Any CPU.Build.0 = Release|Any CPU
		{57C63909-46F0-4CE3-93C1-AEEAF5ADC3E3}.Debug|Any CPU.ActiveCfg = Debug|Any CPU
		{57C63909-46F0-4CE3-93C1-AEEAF5ADC3E3}.Debug|Any CPU.Build.0 = Debug|Any CPU
		{57C63909-46F0-4CE3-93C1-AEEAF5ADC3E3}.Release|Any CPU.ActiveCfg = Release|Any CPU
		{57C63909-46F0-4CE3-93C1-AEEAF5ADC3E3}.Release|Any CPU.Build.0 = Release|Any CPU
		{8C94A359-1E70-455E-97CA-45A25DEDCEA4}.Debug|Any CPU.ActiveCfg = Debug|Any CPU
		{8C94A359-1E70-455E-97CA-45A25DEDCEA4}.Debug|Any CPU.Build.0 = Debug|Any CPU
		{8C94A359-1E70-455E-97CA-45A25DEDCEA4}.Release|Any CPU.ActiveCfg = Release|Any CPU
		{8C94A359-1E70-455E-97CA-45A25DEDCEA4}.Release|Any CPU.Build.0 = Release|Any CPU
		{0A672B00-E704-418D-B977-D111600679FC}.Debug|Any CPU.ActiveCfg = Debug|Any CPU
		{0A672B00-E704-418D-B977-D111600679FC}.Debug|Any CPU.Build.0 = Debug|Any CPU
		{0A672B00-E704-418D-B977-D111600679FC}.Release|Any CPU.ActiveCfg = Release|Any CPU
		{0A672B00-E704-418D-B977-D111600679FC}.Release|Any CPU.Build.0 = Release|Any CPU
		{2AF5DD98-ADA3-4E82-BEAC-BCB31C127606}.Debug|Any CPU.ActiveCfg = Debug|Any CPU
		{2AF5DD98-ADA3-4E82-BEAC-BCB31C127606}.Debug|Any CPU.Build.0 = Debug|Any CPU
		{2AF5DD98-ADA3-4E82-BEAC-BCB31C127606}.Release|Any CPU.ActiveCfg = Release|Any CPU
		{2AF5DD98-ADA3-4E82-BEAC-BCB31C127606}.Release|Any CPU.Build.0 = Release|Any CPU
		{D4AE8A24-C001-4900-9C44-CF23B7E5926A}.Debug|Any CPU.ActiveCfg = Debug|Any CPU
		{D4AE8A24-C001-4900-9C44-CF23B7E5926A}.Debug|Any CPU.Build.0 = Debug|Any CPU
		{D4AE8A24-C001-4900-9C44-CF23B7E5926A}.Release|Any CPU.ActiveCfg = Release|Any CPU
		{D4AE8A24-C001-4900-9C44-CF23B7E5926A}.Release|Any CPU.Build.0 = Release|Any CPU
	EndGlobalSection
	GlobalSection(SolutionProperties) = preSolution
		HideSolutionNode = FALSE
	EndGlobalSection
	GlobalSection(NestedProjects) = preSolution
		{F6CAF9B5-C272-4348-9DC8-72088432CF98} = {FEC8D9D1-2FCF-4A7B-901E-41CA8FCE0730}
		{96872A8A-0419-413A-BBEA-4EBF2A97BA5A} = {3A3F9797-6A2F-48B9-94BE-78E627BF3EC0}
		{FFA224DD-9351-4A80-A662-9CDAA63616E5} = {3A3F9797-6A2F-48B9-94BE-78E627BF3EC0}
		{0D04F8FF-AE0F-489C-A7D4-993C49E58EBB} = {184A5B02-0036-4420-8351-595753E3B7A7}
		{98CE8319-55D7-47D1-841F-83887C55E8D4} = {184A5B02-0036-4420-8351-595753E3B7A7}
		{57C63909-46F0-4CE3-93C1-AEEAF5ADC3E3} = {3A3F9797-6A2F-48B9-94BE-78E627BF3EC0}
		{8C94A359-1E70-455E-97CA-45A25DEDCEA4} = {184A5B02-0036-4420-8351-595753E3B7A7}
		{0A672B00-E704-418D-B977-D111600679FC} = {184A5B02-0036-4420-8351-595753E3B7A7}
		{2AF5DD98-ADA3-4E82-BEAC-BCB31C127606} = {3A3F9797-6A2F-48B9-94BE-78E627BF3EC0}
		{D4AE8A24-C001-4900-9C44-CF23B7E5926A} = {FEC8D9D1-2FCF-4A7B-901E-41CA8FCE0730}
	EndGlobalSection
	GlobalSection(ExtensibilityGlobals) = postSolution
		SolutionGuid = {E516D871-AD23-4603-847B-243B2C4D298E}
	EndGlobalSection
EndGlobal
